
Microsoft Visual Studio Solution File, Format Version 12.00
# Visual Studio Version 17
VisualStudioVersion = 17.13.35806.99 d17.13
MinimumVisualStudioVersion = 10.0.40219.1
Project("{C7167F0D-BC9F-4E6E-AFE1-012C56B48DB5}") = "FlashNotify (Package)", "FlashNotify\FlashNotify (Package)\FlashNotify (Package).wapproj", "{433EBD61-ECE0-4D9E-8B30-D3A31BD73782}"
EndProject
Project("{FAE04EC0-301F-11D3-BF4B-00C04F79EFBC}") = "FlashNotify", "FlashNotify\FlashNotify\FlashNotify.csproj", "{653A769B-C1C9-49F3-9FD5-D3E5E8B2EA1B}"
EndProject
Global
	GlobalSection(SolutionConfigurationPlatforms) = preSolution
		Debug|ARM64 = Debug|ARM64
		Debug|x64 = Debug|x64
		Debug|x86 = Debug|x86
		Release|ARM64 = Release|ARM64
		Release|x64 = Release|x64
		Release|x86 = Release|x86
	EndGlobalSection
	GlobalSection(ProjectConfigurationPlatforms) = postSolution
		{433EBD61-ECE0-4D9E-8B30-D3A31BD73782}.Debug|ARM64.ActiveCfg = Debug|ARM64
		{433EBD61-ECE0-4D9E-8B30-D3A31BD73782}.Debug|ARM64.Build.0 = Debug|ARM64
		{433EBD61-ECE0-4D9E-8B30-D3A31BD73782}.Debug|ARM64.Deploy.0 = Debug|ARM64
		{433EBD61-ECE0-4D9E-8B30-D3A31BD73782}.Debug|x64.ActiveCfg = Debug|x64
		{433EBD61-ECE0-4D9E-8B30-D3A31BD73782}.Debug|x64.Build.0 = Debug|x64
		{433EBD61-ECE0-4D9E-8B30-D3A31BD73782}.Debug|x64.Deploy.0 = Debug|x64
		{433EBD61-ECE0-4D9E-8B30-D3A31BD73782}.Debug|x86.ActiveCfg = Debug|x86
		{433EBD61-ECE0-4D9E-8B30-D3A31BD73782}.Debug|x86.Build.0 = Debug|x86
		{433EBD61-ECE0-4D9E-8B30-D3A31BD73782}.Debug|x86.Deploy.0 = Debug|x86
		{433EBD61-ECE0-4D9E-8B30-D3A31BD73782}.Release|ARM64.ActiveCfg = Release|ARM64
		{433EBD61-ECE0-4D9E-8B30-D3A31BD73782}.Release|ARM64.Build.0 = Release|ARM64
		{433EBD61-ECE0-4D9E-8B30-D3A31BD73782}.Release|ARM64.Deploy.0 = Release|ARM64
		{433EBD61-ECE0-4D9E-8B30-D3A31BD73782}.Release|x64.ActiveCfg = Release|x64
		{433EBD61-ECE0-4D9E-8B30-D3A31BD73782}.Release|x64.Build.0 = Release|x64
		{433EBD61-ECE0-4D9E-8B30-D3A31BD73782}.Release|x64.Deploy.0 = Release|x64
		{433EBD61-ECE0-4D9E-8B30-D3A31BD73782}.Release|x86.ActiveCfg = Release|x86
		{433EBD61-ECE0-4D9E-8B30-D3A31BD73782}.Release|x86.Build.0 = Release|x86
		{433EBD61-ECE0-4D9E-8B30-D3A31BD73782}.Release|x86.Deploy.0 = Release|x86
		{653A769B-C1C9-49F3-9FD5-D3E5E8B2EA1B}.Debug|ARM64.ActiveCfg = Debug|ARM64
		{653A769B-C1C9-49F3-9FD5-D3E5E8B2EA1B}.Debug|ARM64.Build.0 = Debug|ARM64
		{653A769B-C1C9-49F3-9FD5-D3E5E8B2EA1B}.Debug|x64.ActiveCfg = Debug|x64
		{653A769B-C1C9-49F3-9FD5-D3E5E8B2EA1B}.Debug|x64.Build.0 = Debug|x64
		{653A769B-C1C9-49F3-9FD5-D3E5E8B2EA1B}.Debug|x86.ActiveCfg = Debug|x86
		{653A769B-C1C9-49F3-9FD5-D3E5E8B2EA1B}.Debug|x86.Build.0 = Debug|x86
		{653A769B-C1C9-49F3-9FD5-D3E5E8B2EA1B}.Release|ARM64.ActiveCfg = Release|ARM64
		{653A769B-C1C9-49F3-9FD5-D3E5E8B2EA1B}.Release|ARM64.Build.0 = Release|ARM64
		{653A769B-C1C9-49F3-9FD5-D3E5E8B2EA1B}.Release|x64.ActiveCfg = Release|x64
		{653A769B-C1C9-49F3-9FD5-D3E5E8B2EA1B}.Release|x64.Build.0 = Release|x64
		{653A769B-C1C9-49F3-9FD5-D3E5E8B2EA1B}.Release|x86.ActiveCfg = Release|x86
		{653A769B-C1C9-49F3-9FD5-D3E5E8B2EA1B}.Release|x86.Build.0 = Release|x86
	EndGlobalSection
	GlobalSection(SolutionProperties) = preSolution
		HideSolutionNode = FALSE
	EndGlobalSection
	GlobalSection(ExtensibilityGlobals) = postSolution
		SolutionGuid = {186B9659-B0D1-428F-ACC7-1CA7EDDCEF4F}
	EndGlobalSection
EndGlobal
